
Microsoft Visual Studio Solution File, Format Version 12.00
# Visual Studio Version 16
VisualStudioVersion = 16.0.28803.156
MinimumVisualStudioVersion = 10.0.40219.1
Project("{FAE04EC0-301F-11D3-BF4B-00C04F79EFBC}") = "Files.Launcher", "Files.Launcher\Files.Launcher.csproj", "{533F9E86-EE0A-4FCB-B70C-F29532C1B787}"
EndProject
Project("{FAE04EC0-301F-11D3-BF4B-00C04F79EFBC}") = "Files", "Files\Files.csproj", "{64C30C4E-A69A-411C-9F78-776E7AAD583C}"
EndProject
Project("{C7167F0D-BC9F-4E6E-AFE1-012C56B48DB5}") = "Files.Package", "Files.Package\Files.Package.wapproj", "{3B15596C-3DB9-4B58-B4C8-442D06A8C130}"
EndProject
Project("{D954291E-2A0B-460D-934E-DC6B0785DB48}") = "Files_Uno.Shared", "Files_Uno\Files_Uno.Shared\Files_Uno.Shared.shproj", "{6279C845-92F8-4333-AB99-3D213163593C}"
EndProject
Project("{FAE04EC0-301F-11D3-BF4B-00C04F79EFBC}") = "Files_Uno.Droid", "Files_Uno\Files_Uno.Droid\Files_Uno.Droid.csproj", "{80C51709-3D3B-4274-A8E2-B7FAE198AAB6}"
EndProject
Project("{FAE04EC0-301F-11D3-BF4B-00C04F79EFBC}") = "Files_Uno.iOS", "Files_Uno\Files_Uno.iOS\Files_Uno.iOS.csproj", "{211DE55D-B477-41A7-8CEF-65EDBBF945FE}"
EndProject
Project("{FAE04EC0-301F-11D3-BF4B-00C04F79EFBC}") = "Files_Uno.UWP", "Files_Uno\Files_Uno.UWP\Files_Uno.UWP.csproj", "{9CFF14CB-C43A-4767-B66A-6EFA6EB73874}"
EndProject
Project("{FAE04EC0-301F-11D3-BF4B-00C04F79EFBC}") = "Files_Uno.Wasm", "Files_Uno\Files_Uno.Wasm\Files_Uno.Wasm.csproj", "{129CAF43-6165-4BD0-889A-6EE0D4FF2F91}"
EndProject
Project("{FAE04EC0-301F-11D3-BF4B-00C04F79EFBC}") = "Files_Uno.macOS", "Files_Uno\Files_Uno.macOS\Files_Uno.macOS.csproj", "{2284D2E1-39BC-4B55-B2F7-14B1D89D6E22}"
EndProject
Project("{C7167F0D-BC9F-4E6E-AFE1-012C56B48DB5}") = "Files_Uno.Package", "Files_Uno\Files_Uno.Package\Files_Uno.Package.wapproj", "{518BAC92-FE3D-496D-8EC4-2DA3B414A7ED}"
EndProject
Project("{FAE04EC0-301F-11D3-BF4B-00C04F79EFBC}") = "Files_Uno.Launcher", "Files_Uno\Files_Uno.Launcher\Files_Uno.Launcher.csproj", "{F6E57E40-70F6-4C44-BE9B-F682874FC52E}"
EndProject
Global
	GlobalSection(SharedMSBuildProjectFiles) = preSolution
		Files_Uno\Files_Uno.Shared\Files_Uno.Shared.projitems*{129caf43-6165-4bd0-889a-6ee0d4ff2f91}*SharedItemsImports = 5
		Files_Uno\Files_Uno.Shared\Files_Uno.Shared.projitems*{211de55d-b477-41a7-8cef-65edbbf945fe}*SharedItemsImports = 4
		Files_Uno\Files_Uno.Shared\Files_Uno.Shared.projitems*{2284d2e1-39bc-4b55-b2f7-14b1d89d6e22}*SharedItemsImports = 4
		Files_Uno\Files_Uno.Shared\Files_Uno.Shared.projitems*{6279c845-92f8-4333-ab99-3d213163593c}*SharedItemsImports = 13
		Files_Uno\Files_Uno.Shared\Files_Uno.Shared.projitems*{80c51709-3d3b-4274-a8e2-b7fae198aab6}*SharedItemsImports = 4
		Files_Uno\Files_Uno.Shared\Files_Uno.Shared.projitems*{9cff14cb-c43a-4767-b66a-6efa6eb73874}*SharedItemsImports = 4
	EndGlobalSection
	GlobalSection(SolutionConfigurationPlatforms) = preSolution
		Ad-Hoc|Any CPU = Ad-Hoc|Any CPU
		Ad-Hoc|ARM = Ad-Hoc|ARM
		Ad-Hoc|ARM64 = Ad-Hoc|ARM64
		Ad-Hoc|iPhone = Ad-Hoc|iPhone
		Ad-Hoc|iPhoneSimulator = Ad-Hoc|iPhoneSimulator
		Ad-Hoc|x64 = Ad-Hoc|x64
		Ad-Hoc|x86 = Ad-Hoc|x86
		AppStore|Any CPU = AppStore|Any CPU
		AppStore|ARM = AppStore|ARM
		AppStore|ARM64 = AppStore|ARM64
		AppStore|iPhone = AppStore|iPhone
		AppStore|iPhoneSimulator = AppStore|iPhoneSimulator
		AppStore|x64 = AppStore|x64
		AppStore|x86 = AppStore|x86
		Debug|Any CPU = Debug|Any CPU
		Debug|ARM = Debug|ARM
		Debug|ARM64 = Debug|ARM64
		Debug|iPhone = Debug|iPhone
		Debug|iPhoneSimulator = Debug|iPhoneSimulator
		Debug|x64 = Debug|x64
		Debug|x86 = Debug|x86
		Release|Any CPU = Release|Any CPU
		Release|ARM = Release|ARM
		Release|ARM64 = Release|ARM64
		Release|iPhone = Release|iPhone
		Release|iPhoneSimulator = Release|iPhoneSimulator
		Release|x64 = Release|x64
		Release|x86 = Release|x86
	EndGlobalSection
	GlobalSection(ProjectConfigurationPlatforms) = postSolution
		{533F9E86-EE0A-4FCB-B70C-F29532C1B787}.Ad-Hoc|Any CPU.ActiveCfg = Release|Any CPU
		{533F9E86-EE0A-4FCB-B70C-F29532C1B787}.Ad-Hoc|Any CPU.Build.0 = Release|Any CPU
		{533F9E86-EE0A-4FCB-B70C-F29532C1B787}.Ad-Hoc|ARM.ActiveCfg = Release|Any CPU
		{533F9E86-EE0A-4FCB-B70C-F29532C1B787}.Ad-Hoc|ARM.Build.0 = Release|Any CPU
		{533F9E86-EE0A-4FCB-B70C-F29532C1B787}.Ad-Hoc|ARM64.ActiveCfg = Release|Any CPU
		{533F9E86-EE0A-4FCB-B70C-F29532C1B787}.Ad-Hoc|ARM64.Build.0 = Release|Any CPU
		{533F9E86-EE0A-4FCB-B70C-F29532C1B787}.Ad-Hoc|iPhone.ActiveCfg = Release|Any CPU
		{533F9E86-EE0A-4FCB-B70C-F29532C1B787}.Ad-Hoc|iPhone.Build.0 = Release|Any CPU
		{533F9E86-EE0A-4FCB-B70C-F29532C1B787}.Ad-Hoc|iPhoneSimulator.ActiveCfg = Release|Any CPU
		{533F9E86-EE0A-4FCB-B70C-F29532C1B787}.Ad-Hoc|iPhoneSimulator.Build.0 = Release|Any CPU
		{533F9E86-EE0A-4FCB-B70C-F29532C1B787}.Ad-Hoc|x64.ActiveCfg = Release|x64
		{533F9E86-EE0A-4FCB-B70C-F29532C1B787}.Ad-Hoc|x64.Build.0 = Release|x64
		{533F9E86-EE0A-4FCB-B70C-F29532C1B787}.Ad-Hoc|x86.ActiveCfg = Debug|x86
		{533F9E86-EE0A-4FCB-B70C-F29532C1B787}.Ad-Hoc|x86.Build.0 = Debug|x86
		{533F9E86-EE0A-4FCB-B70C-F29532C1B787}.AppStore|Any CPU.ActiveCfg = Release|Any CPU
		{533F9E86-EE0A-4FCB-B70C-F29532C1B787}.AppStore|Any CPU.Build.0 = Release|Any CPU
		{533F9E86-EE0A-4FCB-B70C-F29532C1B787}.AppStore|ARM.ActiveCfg = Release|Any CPU
		{533F9E86-EE0A-4FCB-B70C-F29532C1B787}.AppStore|ARM.Build.0 = Release|Any CPU
		{533F9E86-EE0A-4FCB-B70C-F29532C1B787}.AppStore|ARM64.ActiveCfg = Release|Any CPU
		{533F9E86-EE0A-4FCB-B70C-F29532C1B787}.AppStore|ARM64.Build.0 = Release|Any CPU
		{533F9E86-EE0A-4FCB-B70C-F29532C1B787}.AppStore|iPhone.ActiveCfg = Release|Any CPU
		{533F9E86-EE0A-4FCB-B70C-F29532C1B787}.AppStore|iPhone.Build.0 = Release|Any CPU
		{533F9E86-EE0A-4FCB-B70C-F29532C1B787}.AppStore|iPhoneSimulator.ActiveCfg = Release|Any CPU
		{533F9E86-EE0A-4FCB-B70C-F29532C1B787}.AppStore|iPhoneSimulator.Build.0 = Release|Any CPU
		{533F9E86-EE0A-4FCB-B70C-F29532C1B787}.AppStore|x64.ActiveCfg = Release|x64
		{533F9E86-EE0A-4FCB-B70C-F29532C1B787}.AppStore|x64.Build.0 = Release|x64
		{533F9E86-EE0A-4FCB-B70C-F29532C1B787}.AppStore|x86.ActiveCfg = Debug|x86
		{533F9E86-EE0A-4FCB-B70C-F29532C1B787}.AppStore|x86.Build.0 = Debug|x86
		{533F9E86-EE0A-4FCB-B70C-F29532C1B787}.Debug|Any CPU.ActiveCfg = Debug|Any CPU
		{533F9E86-EE0A-4FCB-B70C-F29532C1B787}.Debug|Any CPU.Build.0 = Debug|Any CPU
		{533F9E86-EE0A-4FCB-B70C-F29532C1B787}.Debug|ARM.ActiveCfg = Debug|Any CPU
		{533F9E86-EE0A-4FCB-B70C-F29532C1B787}.Debug|ARM.Build.0 = Debug|Any CPU
		{533F9E86-EE0A-4FCB-B70C-F29532C1B787}.Debug|ARM64.ActiveCfg = Debug|Any CPU
		{533F9E86-EE0A-4FCB-B70C-F29532C1B787}.Debug|ARM64.Build.0 = Debug|Any CPU
		{533F9E86-EE0A-4FCB-B70C-F29532C1B787}.Debug|iPhone.ActiveCfg = Debug|Any CPU
		{533F9E86-EE0A-4FCB-B70C-F29532C1B787}.Debug|iPhone.Build.0 = Debug|Any CPU
		{533F9E86-EE0A-4FCB-B70C-F29532C1B787}.Debug|iPhoneSimulator.ActiveCfg = Debug|Any CPU
		{533F9E86-EE0A-4FCB-B70C-F29532C1B787}.Debug|iPhoneSimulator.Build.0 = Debug|Any CPU
		{533F9E86-EE0A-4FCB-B70C-F29532C1B787}.Debug|x64.ActiveCfg = Debug|Any CPU
		{533F9E86-EE0A-4FCB-B70C-F29532C1B787}.Debug|x64.Build.0 = Debug|Any CPU
		{533F9E86-EE0A-4FCB-B70C-F29532C1B787}.Debug|x86.ActiveCfg = Debug|Any CPU
		{533F9E86-EE0A-4FCB-B70C-F29532C1B787}.Debug|x86.Build.0 = Debug|Any CPU
		{533F9E86-EE0A-4FCB-B70C-F29532C1B787}.Release|Any CPU.ActiveCfg = Release|Any CPU
		{533F9E86-EE0A-4FCB-B70C-F29532C1B787}.Release|Any CPU.Build.0 = Release|Any CPU
		{533F9E86-EE0A-4FCB-B70C-F29532C1B787}.Release|ARM.ActiveCfg = Release|Any CPU
		{533F9E86-EE0A-4FCB-B70C-F29532C1B787}.Release|ARM.Build.0 = Release|Any CPU
		{533F9E86-EE0A-4FCB-B70C-F29532C1B787}.Release|ARM64.ActiveCfg = Release|Any CPU
		{533F9E86-EE0A-4FCB-B70C-F29532C1B787}.Release|ARM64.Build.0 = Release|Any CPU
		{533F9E86-EE0A-4FCB-B70C-F29532C1B787}.Release|iPhone.ActiveCfg = Release|Any CPU
		{533F9E86-EE0A-4FCB-B70C-F29532C1B787}.Release|iPhone.Build.0 = Release|Any CPU
		{533F9E86-EE0A-4FCB-B70C-F29532C1B787}.Release|iPhoneSimulator.ActiveCfg = Release|Any CPU
		{533F9E86-EE0A-4FCB-B70C-F29532C1B787}.Release|iPhoneSimulator.Build.0 = Release|Any CPU
		{533F9E86-EE0A-4FCB-B70C-F29532C1B787}.Release|x64.ActiveCfg = Release|Any CPU
		{533F9E86-EE0A-4FCB-B70C-F29532C1B787}.Release|x64.Build.0 = Release|Any CPU
		{533F9E86-EE0A-4FCB-B70C-F29532C1B787}.Release|x86.ActiveCfg = Release|x86
		{533F9E86-EE0A-4FCB-B70C-F29532C1B787}.Release|x86.Build.0 = Release|x86
		{64C30C4E-A69A-411C-9F78-776E7AAD583C}.Ad-Hoc|Any CPU.ActiveCfg = Release|x86
		{64C30C4E-A69A-411C-9F78-776E7AAD583C}.Ad-Hoc|Any CPU.Build.0 = Release|x86
		{64C30C4E-A69A-411C-9F78-776E7AAD583C}.Ad-Hoc|Any CPU.Deploy.0 = Release|x86
		{64C30C4E-A69A-411C-9F78-776E7AAD583C}.Ad-Hoc|ARM.ActiveCfg = Release|ARM
		{64C30C4E-A69A-411C-9F78-776E7AAD583C}.Ad-Hoc|ARM.Build.0 = Release|ARM
		{64C30C4E-A69A-411C-9F78-776E7AAD583C}.Ad-Hoc|ARM.Deploy.0 = Release|ARM
		{64C30C4E-A69A-411C-9F78-776E7AAD583C}.Ad-Hoc|ARM64.ActiveCfg = Release|ARM64
		{64C30C4E-A69A-411C-9F78-776E7AAD583C}.Ad-Hoc|ARM64.Build.0 = Release|ARM64
		{64C30C4E-A69A-411C-9F78-776E7AAD583C}.Ad-Hoc|ARM64.Deploy.0 = Release|ARM64
		{64C30C4E-A69A-411C-9F78-776E7AAD583C}.Ad-Hoc|iPhone.ActiveCfg = Release|x86
		{64C30C4E-A69A-411C-9F78-776E7AAD583C}.Ad-Hoc|iPhone.Build.0 = Release|x86
		{64C30C4E-A69A-411C-9F78-776E7AAD583C}.Ad-Hoc|iPhone.Deploy.0 = Release|x86
		{64C30C4E-A69A-411C-9F78-776E7AAD583C}.Ad-Hoc|iPhoneSimulator.ActiveCfg = Release|x86
		{64C30C4E-A69A-411C-9F78-776E7AAD583C}.Ad-Hoc|iPhoneSimulator.Build.0 = Release|x86
		{64C30C4E-A69A-411C-9F78-776E7AAD583C}.Ad-Hoc|iPhoneSimulator.Deploy.0 = Release|x86
		{64C30C4E-A69A-411C-9F78-776E7AAD583C}.Ad-Hoc|x64.ActiveCfg = Release|x64
		{64C30C4E-A69A-411C-9F78-776E7AAD583C}.Ad-Hoc|x64.Build.0 = Release|x64
		{64C30C4E-A69A-411C-9F78-776E7AAD583C}.Ad-Hoc|x64.Deploy.0 = Release|x64
		{64C30C4E-A69A-411C-9F78-776E7AAD583C}.Ad-Hoc|x86.ActiveCfg = Release|x86
		{64C30C4E-A69A-411C-9F78-776E7AAD583C}.Ad-Hoc|x86.Build.0 = Release|x86
		{64C30C4E-A69A-411C-9F78-776E7AAD583C}.Ad-Hoc|x86.Deploy.0 = Release|x86
		{64C30C4E-A69A-411C-9F78-776E7AAD583C}.AppStore|Any CPU.ActiveCfg = Release|x86
		{64C30C4E-A69A-411C-9F78-776E7AAD583C}.AppStore|Any CPU.Build.0 = Release|x86
		{64C30C4E-A69A-411C-9F78-776E7AAD583C}.AppStore|Any CPU.Deploy.0 = Release|x86
		{64C30C4E-A69A-411C-9F78-776E7AAD583C}.AppStore|ARM.ActiveCfg = Release|ARM
		{64C30C4E-A69A-411C-9F78-776E7AAD583C}.AppStore|ARM.Build.0 = Release|ARM
		{64C30C4E-A69A-411C-9F78-776E7AAD583C}.AppStore|ARM.Deploy.0 = Release|ARM
		{64C30C4E-A69A-411C-9F78-776E7AAD583C}.AppStore|ARM64.ActiveCfg = Release|ARM64
		{64C30C4E-A69A-411C-9F78-776E7AAD583C}.AppStore|ARM64.Build.0 = Release|ARM64
		{64C30C4E-A69A-411C-9F78-776E7AAD583C}.AppStore|ARM64.Deploy.0 = Release|ARM64
		{64C30C4E-A69A-411C-9F78-776E7AAD583C}.AppStore|iPhone.ActiveCfg = Release|x86
		{64C30C4E-A69A-411C-9F78-776E7AAD583C}.AppStore|iPhone.Build.0 = Release|x86
		{64C30C4E-A69A-411C-9F78-776E7AAD583C}.AppStore|iPhone.Deploy.0 = Release|x86
		{64C30C4E-A69A-411C-9F78-776E7AAD583C}.AppStore|iPhoneSimulator.ActiveCfg = Release|x86
		{64C30C4E-A69A-411C-9F78-776E7AAD583C}.AppStore|iPhoneSimulator.Build.0 = Release|x86
		{64C30C4E-A69A-411C-9F78-776E7AAD583C}.AppStore|iPhoneSimulator.Deploy.0 = Release|x86
		{64C30C4E-A69A-411C-9F78-776E7AAD583C}.AppStore|x64.ActiveCfg = Release|x64
		{64C30C4E-A69A-411C-9F78-776E7AAD583C}.AppStore|x64.Build.0 = Release|x64
		{64C30C4E-A69A-411C-9F78-776E7AAD583C}.AppStore|x64.Deploy.0 = Release|x64
		{64C30C4E-A69A-411C-9F78-776E7AAD583C}.AppStore|x86.ActiveCfg = Release|x86
		{64C30C4E-A69A-411C-9F78-776E7AAD583C}.AppStore|x86.Build.0 = Release|x86
		{64C30C4E-A69A-411C-9F78-776E7AAD583C}.AppStore|x86.Deploy.0 = Release|x86
		{64C30C4E-A69A-411C-9F78-776E7AAD583C}.Debug|Any CPU.ActiveCfg = Debug|x86
		{64C30C4E-A69A-411C-9F78-776E7AAD583C}.Debug|ARM.ActiveCfg = Debug|ARM
		{64C30C4E-A69A-411C-9F78-776E7AAD583C}.Debug|ARM.Build.0 = Debug|ARM
		{64C30C4E-A69A-411C-9F78-776E7AAD583C}.Debug|ARM.Deploy.0 = Debug|ARM
		{64C30C4E-A69A-411C-9F78-776E7AAD583C}.Debug|ARM64.ActiveCfg = Debug|ARM64
		{64C30C4E-A69A-411C-9F78-776E7AAD583C}.Debug|ARM64.Build.0 = Debug|ARM64
		{64C30C4E-A69A-411C-9F78-776E7AAD583C}.Debug|ARM64.Deploy.0 = Debug|ARM64
		{64C30C4E-A69A-411C-9F78-776E7AAD583C}.Debug|iPhone.ActiveCfg = Debug|x86
		{64C30C4E-A69A-411C-9F78-776E7AAD583C}.Debug|iPhoneSimulator.ActiveCfg = Debug|x86
		{64C30C4E-A69A-411C-9F78-776E7AAD583C}.Debug|x64.ActiveCfg = Debug|x64
		{64C30C4E-A69A-411C-9F78-776E7AAD583C}.Debug|x64.Build.0 = Debug|x64
		{64C30C4E-A69A-411C-9F78-776E7AAD583C}.Debug|x64.Deploy.0 = Debug|x64
		{64C30C4E-A69A-411C-9F78-776E7AAD583C}.Debug|x86.ActiveCfg = Debug|x86
		{64C30C4E-A69A-411C-9F78-776E7AAD583C}.Debug|x86.Build.0 = Debug|x86
		{64C30C4E-A69A-411C-9F78-776E7AAD583C}.Debug|x86.Deploy.0 = Debug|x86
		{64C30C4E-A69A-411C-9F78-776E7AAD583C}.Release|Any CPU.ActiveCfg = Release|x86
		{64C30C4E-A69A-411C-9F78-776E7AAD583C}.Release|ARM.ActiveCfg = Release|ARM
		{64C30C4E-A69A-411C-9F78-776E7AAD583C}.Release|ARM.Build.0 = Release|ARM
		{64C30C4E-A69A-411C-9F78-776E7AAD583C}.Release|ARM.Deploy.0 = Release|ARM
		{64C30C4E-A69A-411C-9F78-776E7AAD583C}.Release|ARM64.ActiveCfg = Release|ARM64
		{64C30C4E-A69A-411C-9F78-776E7AAD583C}.Release|ARM64.Build.0 = Release|ARM64
		{64C30C4E-A69A-411C-9F78-776E7AAD583C}.Release|ARM64.Deploy.0 = Release|ARM64
		{64C30C4E-A69A-411C-9F78-776E7AAD583C}.Release|iPhone.ActiveCfg = Release|x86
		{64C30C4E-A69A-411C-9F78-776E7AAD583C}.Release|iPhoneSimulator.ActiveCfg = Release|x86
		{64C30C4E-A69A-411C-9F78-776E7AAD583C}.Release|x64.ActiveCfg = Release|x64
		{64C30C4E-A69A-411C-9F78-776E7AAD583C}.Release|x64.Build.0 = Release|x64
		{64C30C4E-A69A-411C-9F78-776E7AAD583C}.Release|x64.Deploy.0 = Release|x64
		{64C30C4E-A69A-411C-9F78-776E7AAD583C}.Release|x86.ActiveCfg = Release|x86
		{64C30C4E-A69A-411C-9F78-776E7AAD583C}.Release|x86.Build.0 = Release|x86
		{64C30C4E-A69A-411C-9F78-776E7AAD583C}.Release|x86.Deploy.0 = Release|x86
		{3B15596C-3DB9-4B58-B4C8-442D06A8C130}.Ad-Hoc|Any CPU.ActiveCfg = Release|x86
		{3B15596C-3DB9-4B58-B4C8-442D06A8C130}.Ad-Hoc|Any CPU.Build.0 = Release|x86
		{3B15596C-3DB9-4B58-B4C8-442D06A8C130}.Ad-Hoc|Any CPU.Deploy.0 = Release|x86
		{3B15596C-3DB9-4B58-B4C8-442D06A8C130}.Ad-Hoc|ARM.ActiveCfg = Release|ARM
		{3B15596C-3DB9-4B58-B4C8-442D06A8C130}.Ad-Hoc|ARM.Build.0 = Release|ARM
		{3B15596C-3DB9-4B58-B4C8-442D06A8C130}.Ad-Hoc|ARM.Deploy.0 = Release|ARM
		{3B15596C-3DB9-4B58-B4C8-442D06A8C130}.Ad-Hoc|ARM64.ActiveCfg = Release|ARM64
		{3B15596C-3DB9-4B58-B4C8-442D06A8C130}.Ad-Hoc|ARM64.Build.0 = Release|ARM64
		{3B15596C-3DB9-4B58-B4C8-442D06A8C130}.Ad-Hoc|ARM64.Deploy.0 = Release|ARM64
		{3B15596C-3DB9-4B58-B4C8-442D06A8C130}.Ad-Hoc|iPhone.ActiveCfg = Release|x86
		{3B15596C-3DB9-4B58-B4C8-442D06A8C130}.Ad-Hoc|iPhone.Build.0 = Release|x86
		{3B15596C-3DB9-4B58-B4C8-442D06A8C130}.Ad-Hoc|iPhone.Deploy.0 = Release|x86
		{3B15596C-3DB9-4B58-B4C8-442D06A8C130}.Ad-Hoc|iPhoneSimulator.ActiveCfg = Release|x86
		{3B15596C-3DB9-4B58-B4C8-442D06A8C130}.Ad-Hoc|iPhoneSimulator.Build.0 = Release|x86
		{3B15596C-3DB9-4B58-B4C8-442D06A8C130}.Ad-Hoc|iPhoneSimulator.Deploy.0 = Release|x86
		{3B15596C-3DB9-4B58-B4C8-442D06A8C130}.Ad-Hoc|x64.ActiveCfg = Release|x64
		{3B15596C-3DB9-4B58-B4C8-442D06A8C130}.Ad-Hoc|x64.Build.0 = Release|x64
		{3B15596C-3DB9-4B58-B4C8-442D06A8C130}.Ad-Hoc|x64.Deploy.0 = Release|x64
		{3B15596C-3DB9-4B58-B4C8-442D06A8C130}.Ad-Hoc|x86.ActiveCfg = Release|x86
		{3B15596C-3DB9-4B58-B4C8-442D06A8C130}.Ad-Hoc|x86.Build.0 = Release|x86
		{3B15596C-3DB9-4B58-B4C8-442D06A8C130}.Ad-Hoc|x86.Deploy.0 = Release|x86
		{3B15596C-3DB9-4B58-B4C8-442D06A8C130}.AppStore|Any CPU.ActiveCfg = Release|x86
		{3B15596C-3DB9-4B58-B4C8-442D06A8C130}.AppStore|Any CPU.Build.0 = Release|x86
		{3B15596C-3DB9-4B58-B4C8-442D06A8C130}.AppStore|Any CPU.Deploy.0 = Release|x86
		{3B15596C-3DB9-4B58-B4C8-442D06A8C130}.AppStore|ARM.ActiveCfg = Release|ARM
		{3B15596C-3DB9-4B58-B4C8-442D06A8C130}.AppStore|ARM.Build.0 = Release|ARM
		{3B15596C-3DB9-4B58-B4C8-442D06A8C130}.AppStore|ARM.Deploy.0 = Release|ARM
		{3B15596C-3DB9-4B58-B4C8-442D06A8C130}.AppStore|ARM64.ActiveCfg = Release|ARM64
		{3B15596C-3DB9-4B58-B4C8-442D06A8C130}.AppStore|ARM64.Build.0 = Release|ARM64
		{3B15596C-3DB9-4B58-B4C8-442D06A8C130}.AppStore|ARM64.Deploy.0 = Release|ARM64
		{3B15596C-3DB9-4B58-B4C8-442D06A8C130}.AppStore|iPhone.ActiveCfg = Release|x86
		{3B15596C-3DB9-4B58-B4C8-442D06A8C130}.AppStore|iPhone.Build.0 = Release|x86
		{3B15596C-3DB9-4B58-B4C8-442D06A8C130}.AppStore|iPhone.Deploy.0 = Release|x86
		{3B15596C-3DB9-4B58-B4C8-442D06A8C130}.AppStore|iPhoneSimulator.ActiveCfg = Release|x86
		{3B15596C-3DB9-4B58-B4C8-442D06A8C130}.AppStore|iPhoneSimulator.Build.0 = Release|x86
		{3B15596C-3DB9-4B58-B4C8-442D06A8C130}.AppStore|iPhoneSimulator.Deploy.0 = Release|x86
		{3B15596C-3DB9-4B58-B4C8-442D06A8C130}.AppStore|x64.ActiveCfg = Release|x64
		{3B15596C-3DB9-4B58-B4C8-442D06A8C130}.AppStore|x64.Build.0 = Release|x64
		{3B15596C-3DB9-4B58-B4C8-442D06A8C130}.AppStore|x64.Deploy.0 = Release|x64
		{3B15596C-3DB9-4B58-B4C8-442D06A8C130}.AppStore|x86.ActiveCfg = Release|x86
		{3B15596C-3DB9-4B58-B4C8-442D06A8C130}.AppStore|x86.Build.0 = Release|x86
		{3B15596C-3DB9-4B58-B4C8-442D06A8C130}.AppStore|x86.Deploy.0 = Release|x86
		{3B15596C-3DB9-4B58-B4C8-442D06A8C130}.Debug|Any CPU.ActiveCfg = Debug|x86
		{3B15596C-3DB9-4B58-B4C8-442D06A8C130}.Debug|ARM.ActiveCfg = Debug|ARM
		{3B15596C-3DB9-4B58-B4C8-442D06A8C130}.Debug|ARM.Build.0 = Debug|ARM
		{3B15596C-3DB9-4B58-B4C8-442D06A8C130}.Debug|ARM.Deploy.0 = Debug|ARM
		{3B15596C-3DB9-4B58-B4C8-442D06A8C130}.Debug|ARM64.ActiveCfg = Debug|ARM64
		{3B15596C-3DB9-4B58-B4C8-442D06A8C130}.Debug|ARM64.Build.0 = Debug|ARM64
		{3B15596C-3DB9-4B58-B4C8-442D06A8C130}.Debug|ARM64.Deploy.0 = Debug|ARM64
		{3B15596C-3DB9-4B58-B4C8-442D06A8C130}.Debug|iPhone.ActiveCfg = Debug|x86
		{3B15596C-3DB9-4B58-B4C8-442D06A8C130}.Debug|iPhoneSimulator.ActiveCfg = Debug|x86
		{3B15596C-3DB9-4B58-B4C8-442D06A8C130}.Debug|x64.ActiveCfg = Debug|x64
		{3B15596C-3DB9-4B58-B4C8-442D06A8C130}.Debug|x64.Build.0 = Debug|x64
		{3B15596C-3DB9-4B58-B4C8-442D06A8C130}.Debug|x64.Deploy.0 = Debug|x64
		{3B15596C-3DB9-4B58-B4C8-442D06A8C130}.Debug|x86.ActiveCfg = Debug|x86
		{3B15596C-3DB9-4B58-B4C8-442D06A8C130}.Debug|x86.Build.0 = Debug|x86
		{3B15596C-3DB9-4B58-B4C8-442D06A8C130}.Debug|x86.Deploy.0 = Debug|x86
		{3B15596C-3DB9-4B58-B4C8-442D06A8C130}.Release|Any CPU.ActiveCfg = Release|x86
		{3B15596C-3DB9-4B58-B4C8-442D06A8C130}.Release|ARM.ActiveCfg = Release|ARM
		{3B15596C-3DB9-4B58-B4C8-442D06A8C130}.Release|ARM.Build.0 = Release|ARM
		{3B15596C-3DB9-4B58-B4C8-442D06A8C130}.Release|ARM.Deploy.0 = Release|ARM
		{3B15596C-3DB9-4B58-B4C8-442D06A8C130}.Release|ARM64.ActiveCfg = Release|ARM64
		{3B15596C-3DB9-4B58-B4C8-442D06A8C130}.Release|ARM64.Build.0 = Release|ARM64
		{3B15596C-3DB9-4B58-B4C8-442D06A8C130}.Release|ARM64.Deploy.0 = Release|ARM64
		{3B15596C-3DB9-4B58-B4C8-442D06A8C130}.Release|iPhone.ActiveCfg = Release|x86
		{3B15596C-3DB9-4B58-B4C8-442D06A8C130}.Release|iPhoneSimulator.ActiveCfg = Release|x86
		{3B15596C-3DB9-4B58-B4C8-442D06A8C130}.Release|x64.ActiveCfg = Release|x64
		{3B15596C-3DB9-4B58-B4C8-442D06A8C130}.Release|x64.Build.0 = Release|x64
		{3B15596C-3DB9-4B58-B4C8-442D06A8C130}.Release|x64.Deploy.0 = Release|x64
		{3B15596C-3DB9-4B58-B4C8-442D06A8C130}.Release|x86.ActiveCfg = Release|x86
		{3B15596C-3DB9-4B58-B4C8-442D06A8C130}.Release|x86.Build.0 = Release|x86
		{3B15596C-3DB9-4B58-B4C8-442D06A8C130}.Release|x86.Deploy.0 = Release|x86
		{80C51709-3D3B-4274-A8E2-B7FAE198AAB6}.Ad-Hoc|Any CPU.ActiveCfg = Release|Any CPU
		{80C51709-3D3B-4274-A8E2-B7FAE198AAB6}.Ad-Hoc|Any CPU.Build.0 = Release|Any CPU
		{80C51709-3D3B-4274-A8E2-B7FAE198AAB6}.Ad-Hoc|Any CPU.Deploy.0 = Release|Any CPU
		{80C51709-3D3B-4274-A8E2-B7FAE198AAB6}.Ad-Hoc|ARM.ActiveCfg = Release|Any CPU
		{80C51709-3D3B-4274-A8E2-B7FAE198AAB6}.Ad-Hoc|ARM.Build.0 = Release|Any CPU
		{80C51709-3D3B-4274-A8E2-B7FAE198AAB6}.Ad-Hoc|ARM.Deploy.0 = Release|Any CPU
		{80C51709-3D3B-4274-A8E2-B7FAE198AAB6}.Ad-Hoc|ARM64.ActiveCfg = Release|Any CPU
		{80C51709-3D3B-4274-A8E2-B7FAE198AAB6}.Ad-Hoc|ARM64.Build.0 = Release|Any CPU
		{80C51709-3D3B-4274-A8E2-B7FAE198AAB6}.Ad-Hoc|ARM64.Deploy.0 = Release|Any CPU
		{80C51709-3D3B-4274-A8E2-B7FAE198AAB6}.Ad-Hoc|iPhone.ActiveCfg = Release|Any CPU
		{80C51709-3D3B-4274-A8E2-B7FAE198AAB6}.Ad-Hoc|iPhone.Build.0 = Release|Any CPU
		{80C51709-3D3B-4274-A8E2-B7FAE198AAB6}.Ad-Hoc|iPhone.Deploy.0 = Release|Any CPU
		{80C51709-3D3B-4274-A8E2-B7FAE198AAB6}.Ad-Hoc|iPhoneSimulator.ActiveCfg = Release|Any CPU
		{80C51709-3D3B-4274-A8E2-B7FAE198AAB6}.Ad-Hoc|iPhoneSimulator.Build.0 = Release|Any CPU
		{80C51709-3D3B-4274-A8E2-B7FAE198AAB6}.Ad-Hoc|iPhoneSimulator.Deploy.0 = Release|Any CPU
		{80C51709-3D3B-4274-A8E2-B7FAE198AAB6}.Ad-Hoc|x64.ActiveCfg = Release|Any CPU
		{80C51709-3D3B-4274-A8E2-B7FAE198AAB6}.Ad-Hoc|x64.Build.0 = Release|Any CPU
		{80C51709-3D3B-4274-A8E2-B7FAE198AAB6}.Ad-Hoc|x64.Deploy.0 = Release|Any CPU
		{80C51709-3D3B-4274-A8E2-B7FAE198AAB6}.Ad-Hoc|x86.ActiveCfg = Release|Any CPU
		{80C51709-3D3B-4274-A8E2-B7FAE198AAB6}.Ad-Hoc|x86.Build.0 = Release|Any CPU
		{80C51709-3D3B-4274-A8E2-B7FAE198AAB6}.Ad-Hoc|x86.Deploy.0 = Release|Any CPU
		{80C51709-3D3B-4274-A8E2-B7FAE198AAB6}.AppStore|Any CPU.ActiveCfg = Release|Any CPU
		{80C51709-3D3B-4274-A8E2-B7FAE198AAB6}.AppStore|Any CPU.Build.0 = Release|Any CPU
		{80C51709-3D3B-4274-A8E2-B7FAE198AAB6}.AppStore|Any CPU.Deploy.0 = Release|Any CPU
		{80C51709-3D3B-4274-A8E2-B7FAE198AAB6}.AppStore|ARM.ActiveCfg = Release|Any CPU
		{80C51709-3D3B-4274-A8E2-B7FAE198AAB6}.AppStore|ARM.Build.0 = Release|Any CPU
		{80C51709-3D3B-4274-A8E2-B7FAE198AAB6}.AppStore|ARM.Deploy.0 = Release|Any CPU
		{80C51709-3D3B-4274-A8E2-B7FAE198AAB6}.AppStore|ARM64.ActiveCfg = Release|Any CPU
		{80C51709-3D3B-4274-A8E2-B7FAE198AAB6}.AppStore|ARM64.Build.0 = Release|Any CPU
		{80C51709-3D3B-4274-A8E2-B7FAE198AAB6}.AppStore|ARM64.Deploy.0 = Release|Any CPU
		{80C51709-3D3B-4274-A8E2-B7FAE198AAB6}.AppStore|iPhone.ActiveCfg = Release|Any CPU
		{80C51709-3D3B-4274-A8E2-B7FAE198AAB6}.AppStore|iPhone.Build.0 = Release|Any CPU
		{80C51709-3D3B-4274-A8E2-B7FAE198AAB6}.AppStore|iPhone.Deploy.0 = Release|Any CPU
		{80C51709-3D3B-4274-A8E2-B7FAE198AAB6}.AppStore|iPhoneSimulator.ActiveCfg = Release|Any CPU
		{80C51709-3D3B-4274-A8E2-B7FAE198AAB6}.AppStore|iPhoneSimulator.Build.0 = Release|Any CPU
		{80C51709-3D3B-4274-A8E2-B7FAE198AAB6}.AppStore|iPhoneSimulator.Deploy.0 = Release|Any CPU
		{80C51709-3D3B-4274-A8E2-B7FAE198AAB6}.AppStore|x64.ActiveCfg = Release|Any CPU
		{80C51709-3D3B-4274-A8E2-B7FAE198AAB6}.AppStore|x64.Build.0 = Release|Any CPU
		{80C51709-3D3B-4274-A8E2-B7FAE198AAB6}.AppStore|x64.Deploy.0 = Release|Any CPU
		{80C51709-3D3B-4274-A8E2-B7FAE198AAB6}.AppStore|x86.ActiveCfg = Release|Any CPU
		{80C51709-3D3B-4274-A8E2-B7FAE198AAB6}.AppStore|x86.Build.0 = Release|Any CPU
		{80C51709-3D3B-4274-A8E2-B7FAE198AAB6}.AppStore|x86.Deploy.0 = Release|Any CPU
		{80C51709-3D3B-4274-A8E2-B7FAE198AAB6}.Debug|Any CPU.ActiveCfg = Debug|Any CPU
		{80C51709-3D3B-4274-A8E2-B7FAE198AAB6}.Debug|Any CPU.Build.0 = Debug|Any CPU
		{80C51709-3D3B-4274-A8E2-B7FAE198AAB6}.Debug|Any CPU.Deploy.0 = Debug|Any CPU
		{80C51709-3D3B-4274-A8E2-B7FAE198AAB6}.Debug|ARM.ActiveCfg = Debug|Any CPU
		{80C51709-3D3B-4274-A8E2-B7FAE198AAB6}.Debug|ARM.Build.0 = Debug|Any CPU
		{80C51709-3D3B-4274-A8E2-B7FAE198AAB6}.Debug|ARM.Deploy.0 = Debug|Any CPU
		{80C51709-3D3B-4274-A8E2-B7FAE198AAB6}.Debug|ARM64.ActiveCfg = Debug|Any CPU
		{80C51709-3D3B-4274-A8E2-B7FAE198AAB6}.Debug|ARM64.Build.0 = Debug|Any CPU
		{80C51709-3D3B-4274-A8E2-B7FAE198AAB6}.Debug|ARM64.Deploy.0 = Debug|Any CPU
		{80C51709-3D3B-4274-A8E2-B7FAE198AAB6}.Debug|iPhone.ActiveCfg = Debug|Any CPU
		{80C51709-3D3B-4274-A8E2-B7FAE198AAB6}.Debug|iPhone.Build.0 = Debug|Any CPU
		{80C51709-3D3B-4274-A8E2-B7FAE198AAB6}.Debug|iPhone.Deploy.0 = Debug|Any CPU
		{80C51709-3D3B-4274-A8E2-B7FAE198AAB6}.Debug|iPhoneSimulator.ActiveCfg = Debug|Any CPU
		{80C51709-3D3B-4274-A8E2-B7FAE198AAB6}.Debug|iPhoneSimulator.Build.0 = Debug|Any CPU
		{80C51709-3D3B-4274-A8E2-B7FAE198AAB6}.Debug|iPhoneSimulator.Deploy.0 = Debug|Any CPU
		{80C51709-3D3B-4274-A8E2-B7FAE198AAB6}.Debug|x64.ActiveCfg = Debug|Any CPU
		{80C51709-3D3B-4274-A8E2-B7FAE198AAB6}.Debug|x64.Build.0 = Debug|Any CPU
		{80C51709-3D3B-4274-A8E2-B7FAE198AAB6}.Debug|x64.Deploy.0 = Debug|Any CPU
		{80C51709-3D3B-4274-A8E2-B7FAE198AAB6}.Debug|x86.ActiveCfg = Debug|Any CPU
		{80C51709-3D3B-4274-A8E2-B7FAE198AAB6}.Debug|x86.Build.0 = Debug|Any CPU
		{80C51709-3D3B-4274-A8E2-B7FAE198AAB6}.Debug|x86.Deploy.0 = Debug|Any CPU
		{80C51709-3D3B-4274-A8E2-B7FAE198AAB6}.Release|Any CPU.ActiveCfg = Release|Any CPU
		{80C51709-3D3B-4274-A8E2-B7FAE198AAB6}.Release|Any CPU.Build.0 = Release|Any CPU
		{80C51709-3D3B-4274-A8E2-B7FAE198AAB6}.Release|Any CPU.Deploy.0 = Release|Any CPU
		{80C51709-3D3B-4274-A8E2-B7FAE198AAB6}.Release|ARM.ActiveCfg = Release|Any CPU
		{80C51709-3D3B-4274-A8E2-B7FAE198AAB6}.Release|ARM.Build.0 = Release|Any CPU
		{80C51709-3D3B-4274-A8E2-B7FAE198AAB6}.Release|ARM.Deploy.0 = Release|Any CPU
		{80C51709-3D3B-4274-A8E2-B7FAE198AAB6}.Release|ARM64.ActiveCfg = Release|Any CPU
		{80C51709-3D3B-4274-A8E2-B7FAE198AAB6}.Release|ARM64.Build.0 = Release|Any CPU
		{80C51709-3D3B-4274-A8E2-B7FAE198AAB6}.Release|ARM64.Deploy.0 = Release|Any CPU
		{80C51709-3D3B-4274-A8E2-B7FAE198AAB6}.Release|iPhone.ActiveCfg = Release|Any CPU
		{80C51709-3D3B-4274-A8E2-B7FAE198AAB6}.Release|iPhone.Build.0 = Release|Any CPU
		{80C51709-3D3B-4274-A8E2-B7FAE198AAB6}.Release|iPhone.Deploy.0 = Release|Any CPU
		{80C51709-3D3B-4274-A8E2-B7FAE198AAB6}.Release|iPhoneSimulator.ActiveCfg = Release|Any CPU
		{80C51709-3D3B-4274-A8E2-B7FAE198AAB6}.Release|iPhoneSimulator.Build.0 = Release|Any CPU
		{80C51709-3D3B-4274-A8E2-B7FAE198AAB6}.Release|iPhoneSimulator.Deploy.0 = Release|Any CPU
		{80C51709-3D3B-4274-A8E2-B7FAE198AAB6}.Release|x64.ActiveCfg = Release|Any CPU
		{80C51709-3D3B-4274-A8E2-B7FAE198AAB6}.Release|x64.Build.0 = Release|Any CPU
		{80C51709-3D3B-4274-A8E2-B7FAE198AAB6}.Release|x64.Deploy.0 = Release|Any CPU
		{80C51709-3D3B-4274-A8E2-B7FAE198AAB6}.Release|x86.ActiveCfg = Release|Any CPU
		{80C51709-3D3B-4274-A8E2-B7FAE198AAB6}.Release|x86.Build.0 = Release|Any CPU
		{80C51709-3D3B-4274-A8E2-B7FAE198AAB6}.Release|x86.Deploy.0 = Release|Any CPU
		{211DE55D-B477-41A7-8CEF-65EDBBF945FE}.Ad-Hoc|Any CPU.ActiveCfg = Ad-Hoc|iPhone
		{211DE55D-B477-41A7-8CEF-65EDBBF945FE}.Ad-Hoc|ARM.ActiveCfg = Ad-Hoc|iPhone
		{211DE55D-B477-41A7-8CEF-65EDBBF945FE}.Ad-Hoc|ARM64.ActiveCfg = Ad-Hoc|iPhone
		{211DE55D-B477-41A7-8CEF-65EDBBF945FE}.Ad-Hoc|iPhone.ActiveCfg = Ad-Hoc|iPhone
		{211DE55D-B477-41A7-8CEF-65EDBBF945FE}.Ad-Hoc|iPhone.Build.0 = Ad-Hoc|iPhone
		{211DE55D-B477-41A7-8CEF-65EDBBF945FE}.Ad-Hoc|iPhoneSimulator.ActiveCfg = Ad-Hoc|iPhoneSimulator
		{211DE55D-B477-41A7-8CEF-65EDBBF945FE}.Ad-Hoc|iPhoneSimulator.Build.0 = Ad-Hoc|iPhoneSimulator
		{211DE55D-B477-41A7-8CEF-65EDBBF945FE}.Ad-Hoc|x64.ActiveCfg = Ad-Hoc|iPhone
		{211DE55D-B477-41A7-8CEF-65EDBBF945FE}.Ad-Hoc|x86.ActiveCfg = Ad-Hoc|iPhone
		{211DE55D-B477-41A7-8CEF-65EDBBF945FE}.AppStore|Any CPU.ActiveCfg = AppStore|iPhone
		{211DE55D-B477-41A7-8CEF-65EDBBF945FE}.AppStore|ARM.ActiveCfg = AppStore|iPhone
		{211DE55D-B477-41A7-8CEF-65EDBBF945FE}.AppStore|ARM64.ActiveCfg = AppStore|iPhone
		{211DE55D-B477-41A7-8CEF-65EDBBF945FE}.AppStore|iPhone.ActiveCfg = AppStore|iPhone
		{211DE55D-B477-41A7-8CEF-65EDBBF945FE}.AppStore|iPhone.Build.0 = AppStore|iPhone
		{211DE55D-B477-41A7-8CEF-65EDBBF945FE}.AppStore|iPhoneSimulator.ActiveCfg = AppStore|iPhoneSimulator
		{211DE55D-B477-41A7-8CEF-65EDBBF945FE}.AppStore|iPhoneSimulator.Build.0 = AppStore|iPhoneSimulator
		{211DE55D-B477-41A7-8CEF-65EDBBF945FE}.AppStore|x64.ActiveCfg = AppStore|iPhone
		{211DE55D-B477-41A7-8CEF-65EDBBF945FE}.AppStore|x86.ActiveCfg = AppStore|iPhone
		{211DE55D-B477-41A7-8CEF-65EDBBF945FE}.Debug|Any CPU.ActiveCfg = Debug|iPhone
		{211DE55D-B477-41A7-8CEF-65EDBBF945FE}.Debug|ARM.ActiveCfg = Debug|iPhone
		{211DE55D-B477-41A7-8CEF-65EDBBF945FE}.Debug|ARM64.ActiveCfg = Debug|iPhone
		{211DE55D-B477-41A7-8CEF-65EDBBF945FE}.Debug|iPhone.ActiveCfg = Debug|iPhone
		{211DE55D-B477-41A7-8CEF-65EDBBF945FE}.Debug|iPhone.Build.0 = Debug|iPhone
		{211DE55D-B477-41A7-8CEF-65EDBBF945FE}.Debug|iPhoneSimulator.ActiveCfg = Debug|iPhoneSimulator
		{211DE55D-B477-41A7-8CEF-65EDBBF945FE}.Debug|iPhoneSimulator.Build.0 = Debug|iPhoneSimulator
		{211DE55D-B477-41A7-8CEF-65EDBBF945FE}.Debug|x64.ActiveCfg = Debug|iPhone
		{211DE55D-B477-41A7-8CEF-65EDBBF945FE}.Debug|x86.ActiveCfg = Debug|iPhone
		{211DE55D-B477-41A7-8CEF-65EDBBF945FE}.Release|Any CPU.ActiveCfg = Release|iPhone
		{211DE55D-B477-41A7-8CEF-65EDBBF945FE}.Release|ARM.ActiveCfg = Release|iPhone
		{211DE55D-B477-41A7-8CEF-65EDBBF945FE}.Release|ARM64.ActiveCfg = Release|iPhone
		{211DE55D-B477-41A7-8CEF-65EDBBF945FE}.Release|iPhone.ActiveCfg = Release|iPhone
		{211DE55D-B477-41A7-8CEF-65EDBBF945FE}.Release|iPhone.Build.0 = Release|iPhone
		{211DE55D-B477-41A7-8CEF-65EDBBF945FE}.Release|iPhoneSimulator.ActiveCfg = Release|iPhoneSimulator
		{211DE55D-B477-41A7-8CEF-65EDBBF945FE}.Release|iPhoneSimulator.Build.0 = Release|iPhoneSimulator
		{211DE55D-B477-41A7-8CEF-65EDBBF945FE}.Release|x64.ActiveCfg = Release|iPhone
		{211DE55D-B477-41A7-8CEF-65EDBBF945FE}.Release|x86.ActiveCfg = Release|iPhone
		{9CFF14CB-C43A-4767-B66A-6EFA6EB73874}.Ad-Hoc|Any CPU.ActiveCfg = Release|x64
		{9CFF14CB-C43A-4767-B66A-6EFA6EB73874}.Ad-Hoc|Any CPU.Build.0 = Release|x64
		{9CFF14CB-C43A-4767-B66A-6EFA6EB73874}.Ad-Hoc|Any CPU.Deploy.0 = Release|x64
		{9CFF14CB-C43A-4767-B66A-6EFA6EB73874}.Ad-Hoc|ARM.ActiveCfg = Release|ARM
		{9CFF14CB-C43A-4767-B66A-6EFA6EB73874}.Ad-Hoc|ARM.Build.0 = Release|ARM
		{9CFF14CB-C43A-4767-B66A-6EFA6EB73874}.Ad-Hoc|ARM.Deploy.0 = Release|ARM
		{9CFF14CB-C43A-4767-B66A-6EFA6EB73874}.Ad-Hoc|ARM64.ActiveCfg = Release|ARM64
		{9CFF14CB-C43A-4767-B66A-6EFA6EB73874}.Ad-Hoc|ARM64.Build.0 = Release|ARM64
		{9CFF14CB-C43A-4767-B66A-6EFA6EB73874}.Ad-Hoc|ARM64.Deploy.0 = Release|ARM64
		{9CFF14CB-C43A-4767-B66A-6EFA6EB73874}.Ad-Hoc|iPhone.ActiveCfg = Release|x64
		{9CFF14CB-C43A-4767-B66A-6EFA6EB73874}.Ad-Hoc|iPhone.Build.0 = Release|x64
		{9CFF14CB-C43A-4767-B66A-6EFA6EB73874}.Ad-Hoc|iPhone.Deploy.0 = Release|x64
		{9CFF14CB-C43A-4767-B66A-6EFA6EB73874}.Ad-Hoc|iPhoneSimulator.ActiveCfg = Release|x64
		{9CFF14CB-C43A-4767-B66A-6EFA6EB73874}.Ad-Hoc|iPhoneSimulator.Build.0 = Release|x64
		{9CFF14CB-C43A-4767-B66A-6EFA6EB73874}.Ad-Hoc|iPhoneSimulator.Deploy.0 = Release|x64
		{9CFF14CB-C43A-4767-B66A-6EFA6EB73874}.Ad-Hoc|x64.ActiveCfg = Release|x64
		{9CFF14CB-C43A-4767-B66A-6EFA6EB73874}.Ad-Hoc|x64.Build.0 = Release|x64
		{9CFF14CB-C43A-4767-B66A-6EFA6EB73874}.Ad-Hoc|x64.Deploy.0 = Release|x64
		{9CFF14CB-C43A-4767-B66A-6EFA6EB73874}.Ad-Hoc|x86.ActiveCfg = Release|x86
		{9CFF14CB-C43A-4767-B66A-6EFA6EB73874}.Ad-Hoc|x86.Build.0 = Release|x86
		{9CFF14CB-C43A-4767-B66A-6EFA6EB73874}.Ad-Hoc|x86.Deploy.0 = Release|x86
		{9CFF14CB-C43A-4767-B66A-6EFA6EB73874}.AppStore|Any CPU.ActiveCfg = Release|x64
		{9CFF14CB-C43A-4767-B66A-6EFA6EB73874}.AppStore|Any CPU.Build.0 = Release|x64
		{9CFF14CB-C43A-4767-B66A-6EFA6EB73874}.AppStore|Any CPU.Deploy.0 = Release|x64
		{9CFF14CB-C43A-4767-B66A-6EFA6EB73874}.AppStore|ARM.ActiveCfg = Release|ARM
		{9CFF14CB-C43A-4767-B66A-6EFA6EB73874}.AppStore|ARM.Build.0 = Release|ARM
		{9CFF14CB-C43A-4767-B66A-6EFA6EB73874}.AppStore|ARM.Deploy.0 = Release|ARM
		{9CFF14CB-C43A-4767-B66A-6EFA6EB73874}.AppStore|ARM64.ActiveCfg = Release|ARM64
		{9CFF14CB-C43A-4767-B66A-6EFA6EB73874}.AppStore|ARM64.Build.0 = Release|ARM64
		{9CFF14CB-C43A-4767-B66A-6EFA6EB73874}.AppStore|ARM64.Deploy.0 = Release|ARM64
		{9CFF14CB-C43A-4767-B66A-6EFA6EB73874}.AppStore|iPhone.ActiveCfg = Release|x64
		{9CFF14CB-C43A-4767-B66A-6EFA6EB73874}.AppStore|iPhone.Build.0 = Release|x64
		{9CFF14CB-C43A-4767-B66A-6EFA6EB73874}.AppStore|iPhone.Deploy.0 = Release|x64
		{9CFF14CB-C43A-4767-B66A-6EFA6EB73874}.AppStore|iPhoneSimulator.ActiveCfg = Release|x64
		{9CFF14CB-C43A-4767-B66A-6EFA6EB73874}.AppStore|iPhoneSimulator.Build.0 = Release|x64
		{9CFF14CB-C43A-4767-B66A-6EFA6EB73874}.AppStore|iPhoneSimulator.Deploy.0 = Release|x64
		{9CFF14CB-C43A-4767-B66A-6EFA6EB73874}.AppStore|x64.ActiveCfg = Release|x64
		{9CFF14CB-C43A-4767-B66A-6EFA6EB73874}.AppStore|x64.Build.0 = Release|x64
		{9CFF14CB-C43A-4767-B66A-6EFA6EB73874}.AppStore|x64.Deploy.0 = Release|x64
		{9CFF14CB-C43A-4767-B66A-6EFA6EB73874}.AppStore|x86.ActiveCfg = Release|x86
		{9CFF14CB-C43A-4767-B66A-6EFA6EB73874}.AppStore|x86.Build.0 = Release|x86
		{9CFF14CB-C43A-4767-B66A-6EFA6EB73874}.AppStore|x86.Deploy.0 = Release|x86
		{9CFF14CB-C43A-4767-B66A-6EFA6EB73874}.Debug|Any CPU.ActiveCfg = Debug|x86
		{9CFF14CB-C43A-4767-B66A-6EFA6EB73874}.Debug|ARM.ActiveCfg = Debug|ARM
		{9CFF14CB-C43A-4767-B66A-6EFA6EB73874}.Debug|ARM.Build.0 = Debug|ARM
		{9CFF14CB-C43A-4767-B66A-6EFA6EB73874}.Debug|ARM.Deploy.0 = Debug|ARM
		{9CFF14CB-C43A-4767-B66A-6EFA6EB73874}.Debug|ARM64.ActiveCfg = Debug|ARM64
		{9CFF14CB-C43A-4767-B66A-6EFA6EB73874}.Debug|ARM64.Build.0 = Debug|ARM64
		{9CFF14CB-C43A-4767-B66A-6EFA6EB73874}.Debug|ARM64.Deploy.0 = Debug|ARM64
		{9CFF14CB-C43A-4767-B66A-6EFA6EB73874}.Debug|iPhone.ActiveCfg = Debug|x86
		{9CFF14CB-C43A-4767-B66A-6EFA6EB73874}.Debug|iPhoneSimulator.ActiveCfg = Debug|x86
		{9CFF14CB-C43A-4767-B66A-6EFA6EB73874}.Debug|x64.ActiveCfg = Debug|x64
		{9CFF14CB-C43A-4767-B66A-6EFA6EB73874}.Debug|x64.Build.0 = Debug|x64
		{9CFF14CB-C43A-4767-B66A-6EFA6EB73874}.Debug|x64.Deploy.0 = Debug|x64
		{9CFF14CB-C43A-4767-B66A-6EFA6EB73874}.Debug|x86.ActiveCfg = Debug|x86
		{9CFF14CB-C43A-4767-B66A-6EFA6EB73874}.Debug|x86.Build.0 = Debug|x86
		{9CFF14CB-C43A-4767-B66A-6EFA6EB73874}.Debug|x86.Deploy.0 = Debug|x86
		{9CFF14CB-C43A-4767-B66A-6EFA6EB73874}.Release|Any CPU.ActiveCfg = Release|x86
		{9CFF14CB-C43A-4767-B66A-6EFA6EB73874}.Release|ARM.ActiveCfg = Release|ARM
		{9CFF14CB-C43A-4767-B66A-6EFA6EB73874}.Release|ARM.Build.0 = Release|ARM
		{9CFF14CB-C43A-4767-B66A-6EFA6EB73874}.Release|ARM.Deploy.0 = Release|ARM
		{9CFF14CB-C43A-4767-B66A-6EFA6EB73874}.Release|ARM64.ActiveCfg = Release|ARM64
		{9CFF14CB-C43A-4767-B66A-6EFA6EB73874}.Release|ARM64.Build.0 = Release|ARM64
		{9CFF14CB-C43A-4767-B66A-6EFA6EB73874}.Release|ARM64.Deploy.0 = Release|ARM64
		{9CFF14CB-C43A-4767-B66A-6EFA6EB73874}.Release|iPhone.ActiveCfg = Release|x86
		{9CFF14CB-C43A-4767-B66A-6EFA6EB73874}.Release|iPhoneSimulator.ActiveCfg = Release|x86
		{9CFF14CB-C43A-4767-B66A-6EFA6EB73874}.Release|x64.ActiveCfg = Release|x64
		{9CFF14CB-C43A-4767-B66A-6EFA6EB73874}.Release|x64.Build.0 = Release|x64
		{9CFF14CB-C43A-4767-B66A-6EFA6EB73874}.Release|x64.Deploy.0 = Release|x64
		{9CFF14CB-C43A-4767-B66A-6EFA6EB73874}.Release|x86.ActiveCfg = Release|x86
		{9CFF14CB-C43A-4767-B66A-6EFA6EB73874}.Release|x86.Build.0 = Release|x86
		{9CFF14CB-C43A-4767-B66A-6EFA6EB73874}.Release|x86.Deploy.0 = Release|x86
		{129CAF43-6165-4BD0-889A-6EE0D4FF2F91}.Ad-Hoc|Any CPU.ActiveCfg = Debug|Any CPU
		{129CAF43-6165-4BD0-889A-6EE0D4FF2F91}.Ad-Hoc|Any CPU.Build.0 = Debug|Any CPU
		{129CAF43-6165-4BD0-889A-6EE0D4FF2F91}.Ad-Hoc|ARM.ActiveCfg = Debug|Any CPU
		{129CAF43-6165-4BD0-889A-6EE0D4FF2F91}.Ad-Hoc|ARM.Build.0 = Debug|Any CPU
		{129CAF43-6165-4BD0-889A-6EE0D4FF2F91}.Ad-Hoc|ARM64.ActiveCfg = Debug|Any CPU
		{129CAF43-6165-4BD0-889A-6EE0D4FF2F91}.Ad-Hoc|ARM64.Build.0 = Debug|Any CPU
		{129CAF43-6165-4BD0-889A-6EE0D4FF2F91}.Ad-Hoc|iPhone.ActiveCfg = Debug|Any CPU
		{129CAF43-6165-4BD0-889A-6EE0D4FF2F91}.Ad-Hoc|iPhone.Build.0 = Debug|Any CPU
		{129CAF43-6165-4BD0-889A-6EE0D4FF2F91}.Ad-Hoc|iPhoneSimulator.ActiveCfg = Debug|Any CPU
		{129CAF43-6165-4BD0-889A-6EE0D4FF2F91}.Ad-Hoc|iPhoneSimulator.Build.0 = Debug|Any CPU
		{129CAF43-6165-4BD0-889A-6EE0D4FF2F91}.Ad-Hoc|x64.ActiveCfg = Debug|Any CPU
		{129CAF43-6165-4BD0-889A-6EE0D4FF2F91}.Ad-Hoc|x64.Build.0 = Debug|Any CPU
		{129CAF43-6165-4BD0-889A-6EE0D4FF2F91}.Ad-Hoc|x86.ActiveCfg = Debug|Any CPU
		{129CAF43-6165-4BD0-889A-6EE0D4FF2F91}.Ad-Hoc|x86.Build.0 = Debug|Any CPU
		{129CAF43-6165-4BD0-889A-6EE0D4FF2F91}.AppStore|Any CPU.ActiveCfg = Debug|Any CPU
		{129CAF43-6165-4BD0-889A-6EE0D4FF2F91}.AppStore|Any CPU.Build.0 = Debug|Any CPU
		{129CAF43-6165-4BD0-889A-6EE0D4FF2F91}.AppStore|ARM.ActiveCfg = Debug|Any CPU
		{129CAF43-6165-4BD0-889A-6EE0D4FF2F91}.AppStore|ARM.Build.0 = Debug|Any CPU
		{129CAF43-6165-4BD0-889A-6EE0D4FF2F91}.AppStore|ARM64.ActiveCfg = Debug|Any CPU
		{129CAF43-6165-4BD0-889A-6EE0D4FF2F91}.AppStore|ARM64.Build.0 = Debug|Any CPU
		{129CAF43-6165-4BD0-889A-6EE0D4FF2F91}.AppStore|iPhone.ActiveCfg = Debug|Any CPU
		{129CAF43-6165-4BD0-889A-6EE0D4FF2F91}.AppStore|iPhone.Build.0 = Debug|Any CPU
		{129CAF43-6165-4BD0-889A-6EE0D4FF2F91}.AppStore|iPhoneSimulator.ActiveCfg = Debug|Any CPU
		{129CAF43-6165-4BD0-889A-6EE0D4FF2F91}.AppStore|iPhoneSimulator.Build.0 = Debug|Any CPU
		{129CAF43-6165-4BD0-889A-6EE0D4FF2F91}.AppStore|x64.ActiveCfg = Debug|Any CPU
		{129CAF43-6165-4BD0-889A-6EE0D4FF2F91}.AppStore|x64.Build.0 = Debug|Any CPU
		{129CAF43-6165-4BD0-889A-6EE0D4FF2F91}.AppStore|x86.ActiveCfg = Debug|Any CPU
		{129CAF43-6165-4BD0-889A-6EE0D4FF2F91}.AppStore|x86.Build.0 = Debug|Any CPU
		{129CAF43-6165-4BD0-889A-6EE0D4FF2F91}.Debug|Any CPU.ActiveCfg = Debug|Any CPU
		{129CAF43-6165-4BD0-889A-6EE0D4FF2F91}.Debug|Any CPU.Build.0 = Debug|Any CPU
		{129CAF43-6165-4BD0-889A-6EE0D4FF2F91}.Debug|ARM.ActiveCfg = Debug|Any CPU
		{129CAF43-6165-4BD0-889A-6EE0D4FF2F91}.Debug|ARM.Build.0 = Debug|Any CPU
		{129CAF43-6165-4BD0-889A-6EE0D4FF2F91}.Debug|ARM64.ActiveCfg = Debug|Any CPU
		{129CAF43-6165-4BD0-889A-6EE0D4FF2F91}.Debug|ARM64.Build.0 = Debug|Any CPU
		{129CAF43-6165-4BD0-889A-6EE0D4FF2F91}.Debug|iPhone.ActiveCfg = Debug|Any CPU
		{129CAF43-6165-4BD0-889A-6EE0D4FF2F91}.Debug|iPhone.Build.0 = Debug|Any CPU
		{129CAF43-6165-4BD0-889A-6EE0D4FF2F91}.Debug|iPhoneSimulator.ActiveCfg = Debug|Any CPU
		{129CAF43-6165-4BD0-889A-6EE0D4FF2F91}.Debug|iPhoneSimulator.Build.0 = Debug|Any CPU
		{129CAF43-6165-4BD0-889A-6EE0D4FF2F91}.Debug|x64.ActiveCfg = Debug|Any CPU
		{129CAF43-6165-4BD0-889A-6EE0D4FF2F91}.Debug|x64.Build.0 = Debug|Any CPU
		{129CAF43-6165-4BD0-889A-6EE0D4FF2F91}.Debug|x86.ActiveCfg = Debug|Any CPU
		{129CAF43-6165-4BD0-889A-6EE0D4FF2F91}.Debug|x86.Build.0 = Debug|Any CPU
		{129CAF43-6165-4BD0-889A-6EE0D4FF2F91}.Release|Any CPU.ActiveCfg = Release|Any CPU
		{129CAF43-6165-4BD0-889A-6EE0D4FF2F91}.Release|Any CPU.Build.0 = Release|Any CPU
		{129CAF43-6165-4BD0-889A-6EE0D4FF2F91}.Release|ARM.ActiveCfg = Release|Any CPU
		{129CAF43-6165-4BD0-889A-6EE0D4FF2F91}.Release|ARM.Build.0 = Release|Any CPU
		{129CAF43-6165-4BD0-889A-6EE0D4FF2F91}.Release|ARM64.ActiveCfg = Release|Any CPU
		{129CAF43-6165-4BD0-889A-6EE0D4FF2F91}.Release|ARM64.Build.0 = Release|Any CPU
		{129CAF43-6165-4BD0-889A-6EE0D4FF2F91}.Release|iPhone.ActiveCfg = Release|Any CPU
		{129CAF43-6165-4BD0-889A-6EE0D4FF2F91}.Release|iPhone.Build.0 = Release|Any CPU
		{129CAF43-6165-4BD0-889A-6EE0D4FF2F91}.Release|iPhoneSimulator.ActiveCfg = Release|Any CPU
		{129CAF43-6165-4BD0-889A-6EE0D4FF2F91}.Release|iPhoneSimulator.Build.0 = Release|Any CPU
		{129CAF43-6165-4BD0-889A-6EE0D4FF2F91}.Release|x64.ActiveCfg = Release|Any CPU
		{129CAF43-6165-4BD0-889A-6EE0D4FF2F91}.Release|x64.Build.0 = Release|Any CPU
		{129CAF43-6165-4BD0-889A-6EE0D4FF2F91}.Release|x86.ActiveCfg = Release|Any CPU
		{129CAF43-6165-4BD0-889A-6EE0D4FF2F91}.Release|x86.Build.0 = Release|Any CPU
		{2284D2E1-39BC-4B55-B2F7-14B1D89D6E22}.Ad-Hoc|Any CPU.ActiveCfg = Release|iPhoneSimulator
		{2284D2E1-39BC-4B55-B2F7-14B1D89D6E22}.Ad-Hoc|Any CPU.Build.0 = Release|iPhoneSimulator
		{2284D2E1-39BC-4B55-B2F7-14B1D89D6E22}.Ad-Hoc|ARM.ActiveCfg = Release|iPhoneSimulator
		{2284D2E1-39BC-4B55-B2F7-14B1D89D6E22}.Ad-Hoc|ARM.Build.0 = Release|iPhoneSimulator
		{2284D2E1-39BC-4B55-B2F7-14B1D89D6E22}.Ad-Hoc|ARM64.ActiveCfg = Release|iPhoneSimulator
		{2284D2E1-39BC-4B55-B2F7-14B1D89D6E22}.Ad-Hoc|ARM64.Build.0 = Release|iPhoneSimulator
		{2284D2E1-39BC-4B55-B2F7-14B1D89D6E22}.Ad-Hoc|iPhone.ActiveCfg = Release|iPhoneSimulator
		{2284D2E1-39BC-4B55-B2F7-14B1D89D6E22}.Ad-Hoc|iPhone.Build.0 = Release|iPhoneSimulator
		{2284D2E1-39BC-4B55-B2F7-14B1D89D6E22}.Ad-Hoc|iPhoneSimulator.ActiveCfg = Release|iPhoneSimulator
		{2284D2E1-39BC-4B55-B2F7-14B1D89D6E22}.Ad-Hoc|iPhoneSimulator.Build.0 = Release|iPhoneSimulator
		{2284D2E1-39BC-4B55-B2F7-14B1D89D6E22}.Ad-Hoc|x64.ActiveCfg = Release|iPhoneSimulator
		{2284D2E1-39BC-4B55-B2F7-14B1D89D6E22}.Ad-Hoc|x64.Build.0 = Release|iPhoneSimulator
		{2284D2E1-39BC-4B55-B2F7-14B1D89D6E22}.Ad-Hoc|x86.ActiveCfg = Release|iPhoneSimulator
		{2284D2E1-39BC-4B55-B2F7-14B1D89D6E22}.Ad-Hoc|x86.Build.0 = Release|iPhoneSimulator
		{2284D2E1-39BC-4B55-B2F7-14B1D89D6E22}.AppStore|Any CPU.ActiveCfg = Release|iPhoneSimulator
		{2284D2E1-39BC-4B55-B2F7-14B1D89D6E22}.AppStore|Any CPU.Build.0 = Release|iPhoneSimulator
		{2284D2E1-39BC-4B55-B2F7-14B1D89D6E22}.AppStore|ARM.ActiveCfg = Release|iPhoneSimulator
		{2284D2E1-39BC-4B55-B2F7-14B1D89D6E22}.AppStore|ARM.Build.0 = Release|iPhoneSimulator
		{2284D2E1-39BC-4B55-B2F7-14B1D89D6E22}.AppStore|ARM64.ActiveCfg = Release|iPhoneSimulator
		{2284D2E1-39BC-4B55-B2F7-14B1D89D6E22}.AppStore|ARM64.Build.0 = Release|iPhoneSimulator
		{2284D2E1-39BC-4B55-B2F7-14B1D89D6E22}.AppStore|iPhone.ActiveCfg = Release|iPhoneSimulator
		{2284D2E1-39BC-4B55-B2F7-14B1D89D6E22}.AppStore|iPhone.Build.0 = Release|iPhoneSimulator
		{2284D2E1-39BC-4B55-B2F7-14B1D89D6E22}.AppStore|iPhoneSimulator.ActiveCfg = Release|iPhoneSimulator
		{2284D2E1-39BC-4B55-B2F7-14B1D89D6E22}.AppStore|iPhoneSimulator.Build.0 = Release|iPhoneSimulator
		{2284D2E1-39BC-4B55-B2F7-14B1D89D6E22}.AppStore|x64.ActiveCfg = Release|iPhoneSimulator
		{2284D2E1-39BC-4B55-B2F7-14B1D89D6E22}.AppStore|x64.Build.0 = Release|iPhoneSimulator
		{2284D2E1-39BC-4B55-B2F7-14B1D89D6E22}.AppStore|x86.ActiveCfg = Release|iPhoneSimulator
		{2284D2E1-39BC-4B55-B2F7-14B1D89D6E22}.AppStore|x86.Build.0 = Release|iPhoneSimulator
		{2284D2E1-39BC-4B55-B2F7-14B1D89D6E22}.Debug|Any CPU.ActiveCfg = Debug|iPhoneSimulator
		{2284D2E1-39BC-4B55-B2F7-14B1D89D6E22}.Debug|ARM.ActiveCfg = Debug|iPhoneSimulator
		{2284D2E1-39BC-4B55-B2F7-14B1D89D6E22}.Debug|ARM64.ActiveCfg = Debug|iPhoneSimulator
		{2284D2E1-39BC-4B55-B2F7-14B1D89D6E22}.Debug|iPhone.ActiveCfg = Debug|iPhoneSimulator
		{2284D2E1-39BC-4B55-B2F7-14B1D89D6E22}.Debug|iPhoneSimulator.ActiveCfg = Debug|iPhoneSimulator
		{2284D2E1-39BC-4B55-B2F7-14B1D89D6E22}.Debug|iPhoneSimulator.Build.0 = Debug|iPhoneSimulator
		{2284D2E1-39BC-4B55-B2F7-14B1D89D6E22}.Debug|x64.ActiveCfg = Debug|iPhoneSimulator
		{2284D2E1-39BC-4B55-B2F7-14B1D89D6E22}.Debug|x86.ActiveCfg = Debug|iPhoneSimulator
		{2284D2E1-39BC-4B55-B2F7-14B1D89D6E22}.Release|Any CPU.ActiveCfg = Release|iPhoneSimulator
		{2284D2E1-39BC-4B55-B2F7-14B1D89D6E22}.Release|ARM.ActiveCfg = Release|iPhoneSimulator
		{2284D2E1-39BC-4B55-B2F7-14B1D89D6E22}.Release|ARM64.ActiveCfg = Release|iPhoneSimulator
		{2284D2E1-39BC-4B55-B2F7-14B1D89D6E22}.Release|iPhone.ActiveCfg = Release|iPhoneSimulator
		{2284D2E1-39BC-4B55-B2F7-14B1D89D6E22}.Release|iPhoneSimulator.ActiveCfg = Release|iPhoneSimulator
		{2284D2E1-39BC-4B55-B2F7-14B1D89D6E22}.Release|iPhoneSimulator.Build.0 = Release|iPhoneSimulator
		{2284D2E1-39BC-4B55-B2F7-14B1D89D6E22}.Release|x64.ActiveCfg = Release|iPhoneSimulator
		{2284D2E1-39BC-4B55-B2F7-14B1D89D6E22}.Release|x86.ActiveCfg = Release|iPhoneSimulator
		{518BAC92-FE3D-496D-8EC4-2DA3B414A7ED}.Ad-Hoc|Any CPU.ActiveCfg = Release|x86
		{518BAC92-FE3D-496D-8EC4-2DA3B414A7ED}.Ad-Hoc|Any CPU.Build.0 = Release|x86
		{518BAC92-FE3D-496D-8EC4-2DA3B414A7ED}.Ad-Hoc|Any CPU.Deploy.0 = Release|x86
		{518BAC92-FE3D-496D-8EC4-2DA3B414A7ED}.Ad-Hoc|ARM.ActiveCfg = Release|ARM
		{518BAC92-FE3D-496D-8EC4-2DA3B414A7ED}.Ad-Hoc|ARM.Build.0 = Release|ARM
		{518BAC92-FE3D-496D-8EC4-2DA3B414A7ED}.Ad-Hoc|ARM.Deploy.0 = Release|ARM
		{518BAC92-FE3D-496D-8EC4-2DA3B414A7ED}.Ad-Hoc|ARM64.ActiveCfg = Release|ARM64
		{518BAC92-FE3D-496D-8EC4-2DA3B414A7ED}.Ad-Hoc|ARM64.Build.0 = Release|ARM64
		{518BAC92-FE3D-496D-8EC4-2DA3B414A7ED}.Ad-Hoc|ARM64.Deploy.0 = Release|ARM64
		{518BAC92-FE3D-496D-8EC4-2DA3B414A7ED}.Ad-Hoc|iPhone.ActiveCfg = Release|x86
		{518BAC92-FE3D-496D-8EC4-2DA3B414A7ED}.Ad-Hoc|iPhone.Build.0 = Release|x86
		{518BAC92-FE3D-496D-8EC4-2DA3B414A7ED}.Ad-Hoc|iPhone.Deploy.0 = Release|x86
		{518BAC92-FE3D-496D-8EC4-2DA3B414A7ED}.Ad-Hoc|iPhoneSimulator.ActiveCfg = Release|x86
		{518BAC92-FE3D-496D-8EC4-2DA3B414A7ED}.Ad-Hoc|iPhoneSimulator.Build.0 = Release|x86
		{518BAC92-FE3D-496D-8EC4-2DA3B414A7ED}.Ad-Hoc|iPhoneSimulator.Deploy.0 = Release|x86
		{518BAC92-FE3D-496D-8EC4-2DA3B414A7ED}.Ad-Hoc|x64.ActiveCfg = Release|x64
		{518BAC92-FE3D-496D-8EC4-2DA3B414A7ED}.Ad-Hoc|x64.Build.0 = Release|x64
		{518BAC92-FE3D-496D-8EC4-2DA3B414A7ED}.Ad-Hoc|x64.Deploy.0 = Release|x64
		{518BAC92-FE3D-496D-8EC4-2DA3B414A7ED}.Ad-Hoc|x86.ActiveCfg = Release|x86
		{518BAC92-FE3D-496D-8EC4-2DA3B414A7ED}.Ad-Hoc|x86.Build.0 = Release|x86
		{518BAC92-FE3D-496D-8EC4-2DA3B414A7ED}.Ad-Hoc|x86.Deploy.0 = Release|x86
		{518BAC92-FE3D-496D-8EC4-2DA3B414A7ED}.AppStore|Any CPU.ActiveCfg = Release|x86
		{518BAC92-FE3D-496D-8EC4-2DA3B414A7ED}.AppStore|Any CPU.Build.0 = Release|x86
		{518BAC92-FE3D-496D-8EC4-2DA3B414A7ED}.AppStore|Any CPU.Deploy.0 = Release|x86
		{518BAC92-FE3D-496D-8EC4-2DA3B414A7ED}.AppStore|ARM.ActiveCfg = Release|ARM
		{518BAC92-FE3D-496D-8EC4-2DA3B414A7ED}.AppStore|ARM.Build.0 = Release|ARM
		{518BAC92-FE3D-496D-8EC4-2DA3B414A7ED}.AppStore|ARM.Deploy.0 = Release|ARM
		{518BAC92-FE3D-496D-8EC4-2DA3B414A7ED}.AppStore|ARM64.ActiveCfg = Release|ARM64
		{518BAC92-FE3D-496D-8EC4-2DA3B414A7ED}.AppStore|ARM64.Build.0 = Release|ARM64
		{518BAC92-FE3D-496D-8EC4-2DA3B414A7ED}.AppStore|ARM64.Deploy.0 = Release|ARM64
		{518BAC92-FE3D-496D-8EC4-2DA3B414A7ED}.AppStore|iPhone.ActiveCfg = Release|x86
		{518BAC92-FE3D-496D-8EC4-2DA3B414A7ED}.AppStore|iPhone.Build.0 = Release|x86
		{518BAC92-FE3D-496D-8EC4-2DA3B414A7ED}.AppStore|iPhone.Deploy.0 = Release|x86
		{518BAC92-FE3D-496D-8EC4-2DA3B414A7ED}.AppStore|iPhoneSimulator.ActiveCfg = Release|x86
		{518BAC92-FE3D-496D-8EC4-2DA3B414A7ED}.AppStore|iPhoneSimulator.Build.0 = Release|x86
		{518BAC92-FE3D-496D-8EC4-2DA3B414A7ED}.AppStore|iPhoneSimulator.Deploy.0 = Release|x86
		{518BAC92-FE3D-496D-8EC4-2DA3B414A7ED}.AppStore|x64.ActiveCfg = Release|x64
		{518BAC92-FE3D-496D-8EC4-2DA3B414A7ED}.AppStore|x64.Build.0 = Release|x64
		{518BAC92-FE3D-496D-8EC4-2DA3B414A7ED}.AppStore|x64.Deploy.0 = Release|x64
		{518BAC92-FE3D-496D-8EC4-2DA3B414A7ED}.AppStore|x86.ActiveCfg = Release|x86
		{518BAC92-FE3D-496D-8EC4-2DA3B414A7ED}.AppStore|x86.Build.0 = Release|x86
		{518BAC92-FE3D-496D-8EC4-2DA3B414A7ED}.AppStore|x86.Deploy.0 = Release|x86
		{518BAC92-FE3D-496D-8EC4-2DA3B414A7ED}.Debug|Any CPU.ActiveCfg = Debug|x86
		{518BAC92-FE3D-496D-8EC4-2DA3B414A7ED}.Debug|ARM.ActiveCfg = Debug|ARM
		{518BAC92-FE3D-496D-8EC4-2DA3B414A7ED}.Debug|ARM.Build.0 = Debug|ARM
		{518BAC92-FE3D-496D-8EC4-2DA3B414A7ED}.Debug|ARM.Deploy.0 = Debug|ARM
		{518BAC92-FE3D-496D-8EC4-2DA3B414A7ED}.Debug|ARM64.ActiveCfg = Debug|ARM64
		{518BAC92-FE3D-496D-8EC4-2DA3B414A7ED}.Debug|ARM64.Build.0 = Debug|ARM64
		{518BAC92-FE3D-496D-8EC4-2DA3B414A7ED}.Debug|ARM64.Deploy.0 = Debug|ARM64
		{518BAC92-FE3D-496D-8EC4-2DA3B414A7ED}.Debug|iPhone.ActiveCfg = Debug|x86
		{518BAC92-FE3D-496D-8EC4-2DA3B414A7ED}.Debug|iPhoneSimulator.ActiveCfg = Debug|x86
		{518BAC92-FE3D-496D-8EC4-2DA3B414A7ED}.Debug|x64.ActiveCfg = Debug|x64
		{518BAC92-FE3D-496D-8EC4-2DA3B414A7ED}.Debug|x64.Build.0 = Debug|x64
		{518BAC92-FE3D-496D-8EC4-2DA3B414A7ED}.Debug|x64.Deploy.0 = Debug|x64
		{518BAC92-FE3D-496D-8EC4-2DA3B414A7ED}.Debug|x86.ActiveCfg = Debug|x86
		{518BAC92-FE3D-496D-8EC4-2DA3B414A7ED}.Debug|x86.Build.0 = Debug|x86
		{518BAC92-FE3D-496D-8EC4-2DA3B414A7ED}.Debug|x86.Deploy.0 = Debug|x86
		{518BAC92-FE3D-496D-8EC4-2DA3B414A7ED}.Release|Any CPU.ActiveCfg = Release|x86
		{518BAC92-FE3D-496D-8EC4-2DA3B414A7ED}.Release|ARM.ActiveCfg = Release|ARM
		{518BAC92-FE3D-496D-8EC4-2DA3B414A7ED}.Release|ARM.Build.0 = Release|ARM
		{518BAC92-FE3D-496D-8EC4-2DA3B414A7ED}.Release|ARM.Deploy.0 = Release|ARM
		{518BAC92-FE3D-496D-8EC4-2DA3B414A7ED}.Release|ARM64.ActiveCfg = Release|ARM64
		{518BAC92-FE3D-496D-8EC4-2DA3B414A7ED}.Release|ARM64.Build.0 = Release|ARM64
		{518BAC92-FE3D-496D-8EC4-2DA3B414A7ED}.Release|ARM64.Deploy.0 = Release|ARM64
		{518BAC92-FE3D-496D-8EC4-2DA3B414A7ED}.Release|iPhone.ActiveCfg = Release|x86
		{518BAC92-FE3D-496D-8EC4-2DA3B414A7ED}.Release|iPhoneSimulator.ActiveCfg = Release|x86
		{518BAC92-FE3D-496D-8EC4-2DA3B414A7ED}.Release|x64.ActiveCfg = Release|x64
		{518BAC92-FE3D-496D-8EC4-2DA3B414A7ED}.Release|x64.Build.0 = Release|x64
		{518BAC92-FE3D-496D-8EC4-2DA3B414A7ED}.Release|x64.Deploy.0 = Release|x64
		{518BAC92-FE3D-496D-8EC4-2DA3B414A7ED}.Release|x86.ActiveCfg = Release|x86
		{518BAC92-FE3D-496D-8EC4-2DA3B414A7ED}.Release|x86.Build.0 = Release|x86
		{518BAC92-FE3D-496D-8EC4-2DA3B414A7ED}.Release|x86.Deploy.0 = Release|x86
		{F6E57E40-70F6-4C44-BE9B-F682874FC52E}.Ad-Hoc|Any CPU.ActiveCfg = Release|Any CPU
		{F6E57E40-70F6-4C44-BE9B-F682874FC52E}.Ad-Hoc|Any CPU.Build.0 = Release|Any CPU
		{F6E57E40-70F6-4C44-BE9B-F682874FC52E}.Ad-Hoc|ARM.ActiveCfg = Release|Any CPU
		{F6E57E40-70F6-4C44-BE9B-F682874FC52E}.Ad-Hoc|ARM.Build.0 = Release|Any CPU
		{F6E57E40-70F6-4C44-BE9B-F682874FC52E}.Ad-Hoc|ARM64.ActiveCfg = Release|Any CPU
		{F6E57E40-70F6-4C44-BE9B-F682874FC52E}.Ad-Hoc|ARM64.Build.0 = Release|Any CPU
		{F6E57E40-70F6-4C44-BE9B-F682874FC52E}.Ad-Hoc|iPhone.ActiveCfg = Release|Any CPU
		{F6E57E40-70F6-4C44-BE9B-F682874FC52E}.Ad-Hoc|iPhone.Build.0 = Release|Any CPU
		{F6E57E40-70F6-4C44-BE9B-F682874FC52E}.Ad-Hoc|iPhoneSimulator.ActiveCfg = Release|Any CPU
		{F6E57E40-70F6-4C44-BE9B-F682874FC52E}.Ad-Hoc|iPhoneSimulator.Build.0 = Release|Any CPU
		{F6E57E40-70F6-4C44-BE9B-F682874FC52E}.Ad-Hoc|x64.ActiveCfg = Release|x64
		{F6E57E40-70F6-4C44-BE9B-F682874FC52E}.Ad-Hoc|x64.Build.0 = Release|x64
		{F6E57E40-70F6-4C44-BE9B-F682874FC52E}.Ad-Hoc|x86.ActiveCfg = Release|x86
		{F6E57E40-70F6-4C44-BE9B-F682874FC52E}.Ad-Hoc|x86.Build.0 = Release|x86
		{F6E57E40-70F6-4C44-BE9B-F682874FC52E}.AppStore|Any CPU.ActiveCfg = Release|Any CPU
		{F6E57E40-70F6-4C44-BE9B-F682874FC52E}.AppStore|Any CPU.Build.0 = Release|Any CPU
		{F6E57E40-70F6-4C44-BE9B-F682874FC52E}.AppStore|ARM.ActiveCfg = Release|Any CPU
		{F6E57E40-70F6-4C44-BE9B-F682874FC52E}.AppStore|ARM.Build.0 = Release|Any CPU
		{F6E57E40-70F6-4C44-BE9B-F682874FC52E}.AppStore|ARM64.ActiveCfg = Release|Any CPU
		{F6E57E40-70F6-4C44-BE9B-F682874FC52E}.AppStore|ARM64.Build.0 = Release|Any CPU
		{F6E57E40-70F6-4C44-BE9B-F682874FC52E}.AppStore|iPhone.ActiveCfg = Release|Any CPU
		{F6E57E40-70F6-4C44-BE9B-F682874FC52E}.AppStore|iPhone.Build.0 = Release|Any CPU
		{F6E57E40-70F6-4C44-BE9B-F682874FC52E}.AppStore|iPhoneSimulator.ActiveCfg = Release|Any CPU
		{F6E57E40-70F6-4C44-BE9B-F682874FC52E}.AppStore|iPhoneSimulator.Build.0 = Release|Any CPU
		{F6E57E40-70F6-4C44-BE9B-F682874FC52E}.AppStore|x64.ActiveCfg = Release|x64
		{F6E57E40-70F6-4C44-BE9B-F682874FC52E}.AppStore|x64.Build.0 = Release|x64
		{F6E57E40-70F6-4C44-BE9B-F682874FC52E}.AppStore|x86.ActiveCfg = Release|x86
		{F6E57E40-70F6-4C44-BE9B-F682874FC52E}.AppStore|x86.Build.0 = Release|x86
		{F6E57E40-70F6-4C44-BE9B-F682874FC52E}.Debug|Any CPU.ActiveCfg = Debug|Any CPU
		{F6E57E40-70F6-4C44-BE9B-F682874FC52E}.Debug|Any CPU.Build.0 = Debug|Any CPU
		{F6E57E40-70F6-4C44-BE9B-F682874FC52E}.Debug|ARM.ActiveCfg = Debug|Any CPU
		{F6E57E40-70F6-4C44-BE9B-F682874FC52E}.Debug|ARM.Build.0 = Debug|Any CPU
		{F6E57E40-70F6-4C44-BE9B-F682874FC52E}.Debug|ARM64.ActiveCfg = Debug|Any CPU
		{F6E57E40-70F6-4C44-BE9B-F682874FC52E}.Debug|ARM64.Build.0 = Debug|Any CPU
		{F6E57E40-70F6-4C44-BE9B-F682874FC52E}.Debug|iPhone.ActiveCfg = Debug|Any CPU
		{F6E57E40-70F6-4C44-BE9B-F682874FC52E}.Debug|iPhone.Build.0 = Debug|Any CPU
		{F6E57E40-70F6-4C44-BE9B-F682874FC52E}.Debug|iPhoneSimulator.ActiveCfg = Debug|Any CPU
		{F6E57E40-70F6-4C44-BE9B-F682874FC52E}.Debug|iPhoneSimulator.Build.0 = Debug|Any CPU
		{F6E57E40-70F6-4C44-BE9B-F682874FC52E}.Debug|x64.ActiveCfg = Debug|x64
		{F6E57E40-70F6-4C44-BE9B-F682874FC52E}.Debug|x64.Build.0 = Debug|x64
		{F6E57E40-70F6-4C44-BE9B-F682874FC52E}.Debug|x86.ActiveCfg = Debug|x86
		{F6E57E40-70F6-4C44-BE9B-F682874FC52E}.Debug|x86.Build.0 = Debug|x86
		{F6E57E40-70F6-4C44-BE9B-F682874FC52E}.Release|Any CPU.ActiveCfg = Release|Any CPU
		{F6E57E40-70F6-4C44-BE9B-F682874FC52E}.Release|Any CPU.Build.0 = Release|Any CPU
		{F6E57E40-70F6-4C44-BE9B-F682874FC52E}.Release|ARM.ActiveCfg = Release|Any CPU
		{F6E57E40-70F6-4C44-BE9B-F682874FC52E}.Release|ARM.Build.0 = Release|Any CPU
		{F6E57E40-70F6-4C44-BE9B-F682874FC52E}.Release|ARM64.ActiveCfg = Release|Any CPU
		{F6E57E40-70F6-4C44-BE9B-F682874FC52E}.Release|ARM64.Build.0 = Release|Any CPU
		{F6E57E40-70F6-4C44-BE9B-F682874FC52E}.Release|iPhone.ActiveCfg = Release|Any CPU
		{F6E57E40-70F6-4C44-BE9B-F682874FC52E}.Release|iPhone.Build.0 = Release|Any CPU
		{F6E57E40-70F6-4C44-BE9B-F682874FC52E}.Release|iPhoneSimulator.ActiveCfg = Release|Any CPU
		{F6E57E40-70F6-4C44-BE9B-F682874FC52E}.Release|iPhoneSimulator.Build.0 = Release|Any CPU
		{F6E57E40-70F6-4C44-BE9B-F682874FC52E}.Release|x64.ActiveCfg = Release|x64
		{F6E57E40-70F6-4C44-BE9B-F682874FC52E}.Release|x64.Build.0 = Release|x64
		{F6E57E40-70F6-4C44-BE9B-F682874FC52E}.Release|x86.ActiveCfg = Release|x86
		{F6E57E40-70F6-4C44-BE9B-F682874FC52E}.Release|x86.Build.0 = Release|x86
	EndGlobalSection
	GlobalSection(SolutionProperties) = preSolution
		HideSolutionNode = FALSE
	EndGlobalSection
	GlobalSection(ExtensibilityGlobals) = postSolution
		SolutionGuid = {0E62043C-A7A1-4982-9EC9-4CDB2939B776}
	EndGlobalSection
EndGlobal
